// !$*UTF8*$!
{
	archiveVersion = 1;
	classes = {
	};
	objectVersion = 50;
	objects = {

/* Begin PBXBuildFile section */
		2956E3EF214E802C00970CDF /* AppDelegate.swift in Sources */ = {isa = PBXBuildFile; fileRef = 2956E3EE214E802C00970CDF /* AppDelegate.swift */; };
		2956E3F1214E802C00970CDF /* ViewController.swift in Sources */ = {isa = PBXBuildFile; fileRef = 2956E3F0214E802C00970CDF /* ViewController.swift */; };
		2956E3F4214E802C00970CDF /* Main.storyboard in Resources */ = {isa = PBXBuildFile; fileRef = 2956E3F2214E802C00970CDF /* Main.storyboard */; };
		2956E3F6214E802E00970CDF /* Assets.xcassets in Resources */ = {isa = PBXBuildFile; fileRef = 2956E3F5214E802E00970CDF /* Assets.xcassets */; };
		2956E3F9214E802E00970CDF /* LaunchScreen.storyboard in Resources */ = {isa = PBXBuildFile; fileRef = 2956E3F7214E802E00970CDF /* LaunchScreen.storyboard */; };
		2956E401214E890900970CDF /* Resnet50.mlmodel in Sources */ = {isa = PBXBuildFile; fileRef = 2956E400214E890900970CDF /* Resnet50.mlmodel */; };
		29611E09214F4FEC0093B465 /* Label.swift in Sources */ = {isa = PBXBuildFile; fileRef = 29611E08214F4FEC0093B465 /* Label.swift */; };
/* End PBXBuildFile section */

/* Begin PBXFileReference section */
		2956E3EB214E802C00970CDF /* CameraObjectDetection.app */ = {isa = PBXFileReference; explicitFileType = wrapper.application; includeInIndex = 0; path = CameraObjectDetection.app; sourceTree = BUILT_PRODUCTS_DIR; };
		2956E3EE214E802C00970CDF /* AppDelegate.swift */ = {isa = PBXFileReference; lastKnownFileType = sourcecode.swift; path = AppDelegate.swift; sourceTree = "<group>"; };
		2956E3F0214E802C00970CDF /* ViewController.swift */ = {isa = PBXFileReference; lastKnownFileType = sourcecode.swift; path = ViewController.swift; sourceTree = "<group>"; };
		2956E3F3214E802C00970CDF /* Base */ = {isa = PBXFileReference; lastKnownFileType = file.storyboard; name = Base; path = Base.lproj/Main.storyboard; sourceTree = "<group>"; };
		2956E3F5214E802E00970CDF /* Assets.xcassets */ = {isa = PBXFileReference; lastKnownFileType = folder.assetcatalog; path = Assets.xcassets; sourceTree = "<group>"; };
		2956E3F8214E802E00970CDF /* Base */ = {isa = PBXFileReference; lastKnownFileType = file.storyboard; name = Base; path = Base.lproj/LaunchScreen.storyboard; sourceTree = "<group>"; };
		2956E3FA214E802E00970CDF /* Info.plist */ = {isa = PBXFileReference; lastKnownFileType = text.plist.xml; path = Info.plist; sourceTree = "<group>"; };
		2956E400214E890900970CDF /* Resnet50.mlmodel */ = {isa = PBXFileReference; lastKnownFileType = file.mlmodel; path = Resnet50.mlmodel; sourceTree = "<group>"; };
		29611E08214F4FEC0093B465 /* Label.swift */ = {isa = PBXFileReference; lastKnownFileType = sourcecode.swift; path = Label.swift; sourceTree = "<group>"; };
/* End PBXFileReference section */

/* Begin PBXFrameworksBuildPhase section */
		2956E3E8214E802C00970CDF /* Frameworks */ = {
			isa = PBXFrameworksBuildPhase;
			buildActionMask = 2147483647;
			files = (
			);
			runOnlyForDeploymentPostprocessing = 0;
		};
/* End PBXFrameworksBuildPhase section */

/* Begin PBXGroup section */
		2956E3E2214E802C00970CDF = {
			isa = PBXGroup;
			children = (
				2956E3ED214E802C00970CDF /* CameraObjectDetection */,
				2956E3EC214E802C00970CDF /* Products */,
			);
			sourceTree = "<group>";
		};
		2956E3EC214E802C00970CDF /* Products */ = {
			isa = PBXGroup;
			children = (
				2956E3EB214E802C00970CDF /* CameraObjectDetection.app */,
			);
			name = Products;
			sourceTree = "<group>";
		};
		2956E3ED214E802C00970CDF /* CameraObjectDetection */ = {
			isa = PBXGroup;
			children = (
				29611E07214F4FDF0093B465 /* Subclass */,
				2956E3EE214E802C00970CDF /* AppDelegate.swift */,
				2956E3F0214E802C00970CDF /* ViewController.swift */,
				2956E3F2214E802C00970CDF /* Main.storyboard */,
				2956E3F5214E802E00970CDF /* Assets.xcassets */,
				2956E3F7214E802E00970CDF /* LaunchScreen.storyboard */,
				2956E400214E890900970CDF /* Resnet50.mlmodel */,
				2956E3FA214E802E00970CDF /* Info.plist */,
			);
			path = CameraObjectDetection;
			sourceTree = "<group>";
		};
		29611E07214F4FDF0093B465 /* Subclass */ = {
			isa = PBXGroup;
			children = (
				29611E08214F4FEC0093B465 /* Label.swift */,
			);
			path = Subclass;
			sourceTree = "<group>";
		};
/* End PBXGroup section */

/* Begin PBXNativeTarget section */
		2956E3EA214E802C00970CDF /* CameraObjectDetection */ = {
			isa = PBXNativeTarget;
			buildConfigurationList = 2956E3FD214E802E00970CDF /* Build configuration list for PBXNativeTarget "CameraObjectDetection" */;
			buildPhases = (
				2956E3E7214E802C00970CDF /* Sources */,
				2956E3E8214E802C00970CDF /* Frameworks */,
				2956E3E9214E802C00970CDF /* Resources */,
			);
			buildRules = (
			);
			dependencies = (
			);
			name = CameraObjectDetection;
			productName = CameraObjectDetection;
			productReference = 2956E3EB214E802C00970CDF /* CameraObjectDetection.app */;
			productType = "com.apple.product-type.application";
		};
/* End PBXNativeTarget section */

/* Begin PBXProject section */
		2956E3E3214E802C00970CDF /* Project object */ = {
			isa = PBXProject;
			attributes = {
				LastSwiftUpdateCheck = 1000;
				LastUpgradeCheck = 1000;
				ORGANIZATIONNAME = "Felipe Kimio Nishikaku";
				TargetAttributes = {
					2956E3EA214E802C00970CDF = {
						CreatedOnToolsVersion = 10.0;
					};
				};
			};
			buildConfigurationList = 2956E3E6214E802C00970CDF /* Build configuration list for PBXProject "CameraObjectDetection" */;
			compatibilityVersion = "Xcode 9.3";
			developmentRegion = en;
			hasScannedForEncodings = 0;
			knownRegions = (
				en,
				Base,
			);
			mainGroup = 2956E3E2214E802C00970CDF;
			productRefGroup = 2956E3EC214E802C00970CDF /* Products */;
			projectDirPath = "";
			projectRoot = "";
			targets = (
				2956E3EA214E802C00970CDF /* CameraObjectDetection */,
			);
		};
/* End PBXProject section */

/* Begin PBXResourcesBuildPhase section */
		2956E3E9214E802C00970CDF /* Resources */ = {
			isa = PBXResourcesBuildPhase;
			buildActionMask = 2147483647;
			files = (
				2956E3F9214E802E00970CDF /* LaunchScreen.storyboard in Resources */,
				2956E3F6214E802E00970CDF /* Assets.xcassets in Resources */,
				2956E3F4214E802C00970CDF /* Main.storyboard in Resources */,
			);
			runOnlyForDeploymentPostprocessing = 0;
		};
/* End PBXResourcesBuildPhase section */

/* Begin PBXSourcesBuildPhase section */
		2956E3E7214E802C00970CDF /* Sources */ = {
			isa = PBXSourcesBuildPhase;
			buildActionMask = 2147483647;
			files = (
				29611E09214F4FEC0093B465 /* Label.swift in Sources */,
				2956E3F1214E802C00970CDF /* ViewController.swift in Sources */,
				2956E401214E890900970CDF /* Resnet50.mlmodel in Sources */,
				2956E3EF214E802C00970CDF /* AppDelegate.swift in Sources */,
			);
			runOnlyForDeploymentPostprocessing = 0;
		};
/* End PBXSourcesBuildPhase section */

/* Begin PBXVariantGroup section */
		2956E3F2214E802C00970CDF /* Main.storyboard */ = {
			isa = PBXVariantGroup;
			children = (
				2956E3F3214E802C00970CDF /* Base */,
			);
			name = Main.storyboard;
			sourceTree = "<group>";
		};
		2956E3F7214E802E00970CDF /* LaunchScreen.storyboard */ = {
			isa = PBXVariantGroup;
			children = (
				2956E3F8214E802E00970CDF /* Base */,
			);
			name = LaunchScreen.storyboard;
			sourceTree = "<group>";
		};
/* End PBXVariantGroup section */

/* Begin XCBuildConfiguration section */
		2956E3FB214E802E00970CDF /* Debug */ = {
			isa = XCBuildConfiguration;
			buildSettings = {
				ALWAYS_SEARCH_USER_PATHS = NO;
				CLANG_ANALYZER_NONNULL = YES;
				CLANG_ANALYZER_NUMBER_OBJECT_CONVERSION = YES_AGGRESSIVE;
				CLANG_CXX_LANGUAGE_STANDARD = "gnu++14";
				CLANG_CXX_LIBRARY = "libc++";
				CLANG_ENABLE_MODULES = YES;
				CLANG_ENABLE_OBJC_ARC = YES;
				CLANG_ENABLE_OBJC_WEAK = YES;
				CLANG_WARN_BLOCK_CAPTURE_AUTORELEASING = YES;
				CLANG_WARN_BOOL_CONVERSION = YES;
				CLANG_WARN_COMMA = YES;
				CLANG_WARN_CONSTANT_CONVERSION = YES;
				CLANG_WARN_DEPRECATED_OBJC_IMPLEMENTATIONS = YES;
				CLANG_WARN_DIRECT_OBJC_ISA_USAGE = YES_ERROR;
				CLANG_WARN_DOCUMENTATION_COMMENTS = YES;
				CLANG_WARN_EMPTY_BODY = YES;
				CLANG_WARN_ENUM_CONVERSION = YES;
				CLANG_WARN_INFINITE_RECURSION = YES;
				CLANG_WARN_INT_CONVERSION = YES;
				CLANG_WARN_NON_LITERAL_NULL_CONVERSION = YES;
				CLANG_WARN_OBJC_IMPLICIT_RETAIN_SELF = YES;
				CLANG_WARN_OBJC_LITERAL_CONVERSION = YES;
				CLANG_WARN_OBJC_ROOT_CLASS = YES_ERROR;
				CLANG_WARN_RANGE_LOOP_ANALYSIS = YES;
				CLANG_WARN_STRICT_PROTOTYPES = YES;
				CLANG_WARN_SUSPICIOUS_MOVE = YES;
				CLANG_WARN_UNGUARDED_AVAILABILITY = YES_AGGRESSIVE;
				CLANG_WARN_UNREACHABLE_CODE = YES;
				CLANG_WARN__DUPLICATE_METHOD_MATCH = YES;
				CODE_SIGN_IDENTITY = "iPhone Developer";
				COPY_PHASE_STRIP = NO;
				DEBUG_INFORMATION_FORMAT = dwarf;
				ENABLE_STRICT_OBJC_MSGSEND = YES;
				ENABLE_TESTABILITY = YES;
				GCC_C_LANGUAGE_STANDARD = gnu11;
				GCC_DYNAMIC_NO_PIC = NO;
				GCC_NO_COMMON_BLOCKS = YES;
				GCC_OPTIMIZATION_LEVEL = 0;
				GCC_PREPROCESSOR_DEFINITIONS = (
					"DEBUG=1",
					"$(inherited)",
				);
				GCC_WARN_64_TO_32_BIT_CONVERSION = YES;
				GCC_WARN_ABOUT_RETURN_TYPE = YES_ERROR;
				GCC_WARN_UNDECLARED_SELECTOR = YES;
				GCC_WARN_UNINITIALIZED_AUTOS = YES_AGGRESSIVE;
				GCC_WARN_UNUSED_FUNCTION = YES;
				GCC_WARN_UNUSED_VARIABLE = YES;
				IPHONEOS_DEPLOYMENT_TARGET = 11.0;
				MTL_ENABLE_DEBUG_INFO = INCLUDE_SOURCE;
				MTL_FAST_MATH = YES;
				ONLY_ACTIVE_ARCH = YES;
				SDKROOT = iphoneos;
				SWIFT_ACTIVE_COMPILATION_CONDITIONS = DEBUG;
				SWIFT_OPTIMIZATION_LEVEL = "-Onone";
			};
			name = Debug;
		};
		2956E3FC214E802E00970CDF /* Release */ = {
			isa = XCBuildConfiguration;
			buildSettings = {
				ALWAYS_SEARCH_USER_PATHS = NO;
				CLANG_ANALYZER_NONNULL = YES;
				CLANG_ANALYZER_NUMBER_OBJECT_CONVERSION = YES_AGGRESSIVE;
				CLANG_CXX_LANGUAGE_STANDARD = "gnu++14";
				CLANG_CXX_LIBRARY = "libc++";
				CLANG_ENABLE_MODULES = YES;
				CLANG_ENABLE_OBJC_ARC = YES;
				CLANG_ENABLE_OBJC_WEAK = YES;
				CLANG_WARN_BLOCK_CAPTURE_AUTORELEASING = YES;
				CLANG_WARN_BOOL_CONVERSION = YES;
				CLANG_WARN_COMMA = YES;
				CLANG_WARN_CONSTANT_CONVERSION = YES;
				CLANG_WARN_DEPRECATED_OBJC_IMPLEMENTATIONS = YES;
				CLANG_WARN_DIRECT_OBJC_ISA_USAGE = YES_ERROR;
				CLANG_WARN_DOCUMENTATION_COMMENTS = YES;
				CLANG_WARN_EMPTY_BODY = YES;
				CLANG_WARN_ENUM_CONVERSION = YES;
				CLANG_WARN_INFINITE_RECURSION = YES;
				CLANG_WARN_INT_CONVERSION = YES;
				CLANG_WARN_NON_LITERAL_NULL_CONVERSION = YES;
				CLANG_WARN_OBJC_IMPLICIT_RETAIN_SELF = YES;
				CLANG_WARN_OBJC_LITERAL_CONVERSION = YES;
				CLANG_WARN_OBJC_ROOT_CLASS = YES_ERROR;
				CLANG_WARN_RANGE_LOOP_ANALYSIS = YES;
				CLANG_WARN_STRICT_PROTOTYPES = YES;
				CLANG_WARN_SUSPICIOUS_MOVE = YES;
				CLANG_WARN_UNGUARDED_AVAILABILITY = YES_AGGRESSIVE;
				CLANG_WARN_UNREACHABLE_CODE = YES;
				CLANG_WARN__DUPLICATE_METHOD_MATCH = YES;
				CODE_SIGN_IDENTITY = "iPhone Developer";
				COPY_PHASE_STRIP = NO;
				DEBUG_INFORMATION_FORMAT = "dwarf-with-dsym";
				ENABLE_NS_ASSERTIONS = NO;
				ENABLE_STRICT_OBJC_MSGSEND = YES;
				GCC_C_LANGUAGE_STANDARD = gnu11;
				GCC_NO_COMMON_BLOCKS = YES;
				GCC_WARN_64_TO_32_BIT_CONVERSION = YES;
				GCC_WARN_ABOUT_RETURN_TYPE = YES_ERROR;
				GCC_WARN_UNDECLARED_SELECTOR = YES;
				GCC_WARN_UNINITIALIZED_AUTOS = YES_AGGRESSIVE;
				GCC_WARN_UNUSED_FUNCTION = YES;
				GCC_WARN_UNUSED_VARIABLE = YES;
				IPHONEOS_DEPLOYMENT_TARGET = 11.0;
				MTL_ENABLE_DEBUG_INFO = NO;
				MTL_FAST_MATH = YES;
				SDKROOT = iphoneos;
				SWIFT_COMPILATION_MODE = wholemodule;
				SWIFT_OPTIMIZATION_LEVEL = "-O";
				VALIDATE_PRODUCT = YES;
			};
			name = Release;
		};
		2956E3FE214E802E00970CDF /* Debug */ = {
			isa = XCBuildConfiguration;
			buildSettings = {
				ASSETCATALOG_COMPILER_APPICON_NAME = AppIcon;
				CODE_SIGN_IDENTITY = "iPhone Developer";
				CODE_SIGN_STYLE = Automatic;
				DEVELOPMENT_TEAM = U4TVDL67LS;
				INFOPLIST_FILE = CameraObjectDetection/Info.plist;
				LD_RUNPATH_SEARCH_PATHS = (
					"$(inherited)",
					"@executable_path/Frameworks",
				);
				PRODUCT_BUNDLE_IDENTIFIER = com.br.CameraObjectDetection;
				PRODUCT_NAME = "$(TARGET_NAME)";
				PROVISIONING_PROFILE_SPECIFIER = "";
				SWIFT_VERSION = 4.2;
				TARGETED_DEVICE_FAMILY = "1,2";
			};
			name = Debug;
		};
		2956E3FF214E802E00970CDF /* Release */ = {
			isa = XCBuildConfiguration;
			buildSettings = {
				ASSETCATALOG_COMPILER_APPICON_NAME = AppIcon;
				CODE_SIGN_IDENTITY = "iPhone Developer";
				CODE_SIGN_STYLE = Automatic;
				DEVELOPMENT_TEAM = U4TVDL67LS;
				INFOPLIST_FILE = CameraObjectDetection/Info.plist;
				LD_RUNPATH_SEARCH_PATHS = (
					"$(inherited)",
					"@executable_path/Frameworks",
				);
				PRODUCT_BUNDLE_IDENTIFIER = com.br.CameraObjectDetection;
				PRODUCT_NAME = "$(TARGET_NAME)";
				PROVISIONING_PROFILE_SPECIFIER = "";
				SWIFT_VERSION = 4.2;
				TARGETED_DEVICE_FAMILY = "1,2";
			};
			name = Release;
		};
/* End XCBuildConfiguration section */

/* Begin XCConfigurationList section */
		2956E3E6214E802C00970CDF /* Build configuration list for PBXProject "CameraObjectDetection" */ = {
			isa = XCConfigurationList;
			buildConfigurations = (
				2956E3FB214E802E00970CDF /* Debug */,
				2956E3FC214E802E00970CDF /* Release */,
			);
			defaultConfigurationIsVisible = 0;
			defaultConfigurationName = Release;
		};
		2956E3FD214E802E00970CDF /* Build configuration list for PBXNativeTarget "CameraObjectDetection" */ = {
			isa = XCConfigurationList;
			buildConfigurations = (
				2956E3FE214E802E00970CDF /* Debug */,
				2956E3FF214E802E00970CDF /* Release */,
			);
			defaultConfigurationIsVisible = 0;
			defaultConfigurationName = Release;
		};
/* End XCConfigurationList section */
	};
	rootObject = 2956E3E3214E802C00970CDF /* Project object */;
}
